// !$*UTF8*$!
{
	archiveVersion = 1;
	classes = {
	};
	objectVersion = 46;
	objects = {

/* Begin PBXBuildFile section */
		03E46B46157B46444D0A6909 /* Pods_InstagramUITests.framework in Frameworks */ = {isa = PBXBuildFile; fileRef = 0AB60428B007E3F886EBE60D /* Pods_InstagramUITests.framework */; };
		0A0919B91F04119900696510 /* Post.swift in Sources */ = {isa = PBXBuildFile; fileRef = 0A0919B81F04119900696510 /* Post.swift */; };
		0A23E9B21F031E280037D946 /* SignUpViewController.swift in Sources */ = {isa = PBXBuildFile; fileRef = 0A23E9B11F031E280037D946 /* SignUpViewController.swift */; };
		0A23E9B91F0332820037D946 /* HomeViewController.swift in Sources */ = {isa = PBXBuildFile; fileRef = 0A23E9B81F0332820037D946 /* HomeViewController.swift */; };
		0A23E9BB1F0370640037D946 /* SearchViewController.swift in Sources */ = {isa = PBXBuildFile; fileRef = 0A23E9BA1F0370640037D946 /* SearchViewController.swift */; };
		0A23E9BD1F0370720037D946 /* NewPostViewController.swift in Sources */ = {isa = PBXBuildFile; fileRef = 0A23E9BC1F0370720037D946 /* NewPostViewController.swift */; };
		0A23E9BF1F0370950037D946 /* InteractionsViewController.swift in Sources */ = {isa = PBXBuildFile; fileRef = 0A23E9BE1F0370950037D946 /* InteractionsViewController.swift */; };
		0A23E9C11F0370A10037D946 /* ProfileViewController.swift in Sources */ = {isa = PBXBuildFile; fileRef = 0A23E9C01F0370A10037D946 /* ProfileViewController.swift */; };
		0A55B1791F04318900D8F0C9 /* InstagramPostTableViewCell.swift in Sources */ = {isa = PBXBuildFile; fileRef = 0A55B1781F04318900D8F0C9 /* InstagramPostTableViewCell.swift */; };
		0A8FCC521F04CDEF000D015A /* Assets.xcassets in Resources */ = {isa = PBXBuildFile; fileRef = 0A8FCC511F04CDEF000D015A /* Assets.xcassets */; };
		0A9F86A01F0597C3006A5238 /* DetailViewController.swift in Sources */ = {isa = PBXBuildFile; fileRef = 0A9F869F1F0597C3006A5238 /* DetailViewController.swift */; };
		0ADE9D071F0308E9005A0027 /* AppDelegate.swift in Sources */ = {isa = PBXBuildFile; fileRef = 0ADE9D061F0308E9005A0027 /* AppDelegate.swift */; };
		0ADE9D091F0308E9005A0027 /* LoginViewController.swift in Sources */ = {isa = PBXBuildFile; fileRef = 0ADE9D081F0308E9005A0027 /* LoginViewController.swift */; };
		0ADE9D0C1F0308E9005A0027 /* Main.storyboard in Resources */ = {isa = PBXBuildFile; fileRef = 0ADE9D0A1F0308E9005A0027 /* Main.storyboard */; };
		0ADE9D111F0308E9005A0027 /* LaunchScreen.storyboard in Resources */ = {isa = PBXBuildFile; fileRef = 0ADE9D0F1F0308E9005A0027 /* LaunchScreen.storyboard */; };
		0ADE9D1C1F0308E9005A0027 /* InstagramTests.swift in Sources */ = {isa = PBXBuildFile; fileRef = 0ADE9D1B1F0308E9005A0027 /* InstagramTests.swift */; };
		0ADE9D271F0308E9005A0027 /* InstagramUITests.swift in Sources */ = {isa = PBXBuildFile; fileRef = 0ADE9D261F0308E9005A0027 /* InstagramUITests.swift */; };
		AB2D963500A4D3A1C4A69DEE /* Pods_Instagram.framework in Frameworks */ = {isa = PBXBuildFile; fileRef = B18A8C9AF12EE85C20B7B7E7 /* Pods_Instagram.framework */; };
		AD39813242081423A98555D6 /* Pods_InstagramTests.framework in Frameworks */ = {isa = PBXBuildFile; fileRef = 64A300A302E4058D70F2E2DF /* Pods_InstagramTests.framework */; };
/* End PBXBuildFile section */

/* Begin PBXContainerItemProxy section */
		0ADE9D181F0308E9005A0027 /* PBXContainerItemProxy */ = {
			isa = PBXContainerItemProxy;
			containerPortal = 0ADE9CFB1F0308E9005A0027 /* Project object */;
			proxyType = 1;
			remoteGlobalIDString = 0ADE9D021F0308E9005A0027;
			remoteInfo = Instagram;
		};
		0ADE9D231F0308E9005A0027 /* PBXContainerItemProxy */ = {
			isa = PBXContainerItemProxy;
			containerPortal = 0ADE9CFB1F0308E9005A0027 /* Project object */;
			proxyType = 1;
			remoteGlobalIDString = 0ADE9D021F0308E9005A0027;
			remoteInfo = Instagram;
		};
/* End PBXContainerItemProxy section */

/* Begin PBXFileReference section */
		0A052A1E71BEF7829F95D865 /* Pods-Instagram.debug.xcconfig */ = {isa = PBXFileReference; includeInIndex = 1; lastKnownFileType = text.xcconfig; name = "Pods-Instagram.debug.xcconfig"; path = "Pods/Target Support Files/Pods-Instagram/Pods-Instagram.debug.xcconfig"; sourceTree = "<group>"; };
		0A0919B81F04119900696510 /* Post.swift */ = {isa = PBXFileReference; fileEncoding = 4; lastKnownFileType = sourcecode.swift; path = Post.swift; sourceTree = "<group>"; };
		0A23E9B11F031E280037D946 /* SignUpViewController.swift */ = {isa = PBXFileReference; fileEncoding = 4; lastKnownFileType = sourcecode.swift; path = SignUpViewController.swift; sourceTree = "<group>"; };
		0A23E9B81F0332820037D946 /* HomeViewController.swift */ = {isa = PBXFileReference; fileEncoding = 4; lastKnownFileType = sourcecode.swift; path = HomeViewController.swift; sourceTree = "<group>"; };
		0A23E9BA1F0370640037D946 /* SearchViewController.swift */ = {isa = PBXFileReference; fileEncoding = 4; lastKnownFileType = sourcecode.swift; path = SearchViewController.swift; sourceTree = "<group>"; };
		0A23E9BC1F0370720037D946 /* NewPostViewController.swift */ = {isa = PBXFileReference; fileEncoding = 4; lastKnownFileType = sourcecode.swift; path = NewPostViewController.swift; sourceTree = "<group>"; };
		0A23E9BE1F0370950037D946 /* InteractionsViewController.swift */ = {isa = PBXFileReference; fileEncoding = 4; lastKnownFileType = sourcecode.swift; path = InteractionsViewController.swift; sourceTree = "<group>"; };
		0A23E9C01F0370A10037D946 /* ProfileViewController.swift */ = {isa = PBXFileReference; fileEncoding = 4; lastKnownFileType = sourcecode.swift; path = ProfileViewController.swift; sourceTree = "<group>"; };
		0A55B1781F04318900D8F0C9 /* InstagramPostTableViewCell.swift */ = {isa = PBXFileReference; fileEncoding = 4; lastKnownFileType = sourcecode.swift; path = InstagramPostTableViewCell.swift; sourceTree = "<group>"; };
		0A8FCC511F04CDEF000D015A /* Assets.xcassets */ = {isa = PBXFileReference; lastKnownFileType = folder.assetcatalog; name = Assets.xcassets; path = ../../../.Trash/Assets.xcassets; sourceTree = "<group>"; };
		0A9F869F1F0597C3006A5238 /* DetailViewController.swift */ = {isa = PBXFileReference; fileEncoding = 4; lastKnownFileType = sourcecode.swift; path = DetailViewController.swift; sourceTree = "<group>"; };
		0AB60428B007E3F886EBE60D /* Pods_InstagramUITests.framework */ = {isa = PBXFileReference; explicitFileType = wrapper.framework; includeInIndex = 0; path = Pods_InstagramUITests.framework; sourceTree = BUILT_PRODUCTS_DIR; };
		0ADE9D031F0308E9005A0027 /* Instagram.app */ = {isa = PBXFileReference; explicitFileType = wrapper.application; includeInIndex = 0; path = Instagram.app; sourceTree = BUILT_PRODUCTS_DIR; };
		0ADE9D061F0308E9005A0027 /* AppDelegate.swift */ = {isa = PBXFileReference; lastKnownFileType = sourcecode.swift; path = AppDelegate.swift; sourceTree = "<group>"; };
		0ADE9D081F0308E9005A0027 /* LoginViewController.swift */ = {isa = PBXFileReference; lastKnownFileType = sourcecode.swift; path = LoginViewController.swift; sourceTree = "<group>"; };
		0ADE9D0B1F0308E9005A0027 /* Base */ = {isa = PBXFileReference; lastKnownFileType = file.storyboard; name = Base; path = Base.lproj/Main.storyboard; sourceTree = "<group>"; };
		0ADE9D101F0308E9005A0027 /* Base */ = {isa = PBXFileReference; lastKnownFileType = file.storyboard; name = Base; path = Base.lproj/LaunchScreen.storyboard; sourceTree = "<group>"; };
		0ADE9D121F0308E9005A0027 /* Info.plist */ = {isa = PBXFileReference; lastKnownFileType = text.plist.xml; path = Info.plist; sourceTree = "<group>"; };
		0ADE9D171F0308E9005A0027 /* InstagramTests.xctest */ = {isa = PBXFileReference; explicitFileType = wrapper.cfbundle; includeInIndex = 0; path = InstagramTests.xctest; sourceTree = BUILT_PRODUCTS_DIR; };
		0ADE9D1B1F0308E9005A0027 /* InstagramTests.swift */ = {isa = PBXFileReference; lastKnownFileType = sourcecode.swift; path = InstagramTests.swift; sourceTree = "<group>"; };
		0ADE9D1D1F0308E9005A0027 /* Info.plist */ = {isa = PBXFileReference; lastKnownFileType = text.plist.xml; path = Info.plist; sourceTree = "<group>"; };
		0ADE9D221F0308E9005A0027 /* InstagramUITests.xctest */ = {isa = PBXFileReference; explicitFileType = wrapper.cfbundle; includeInIndex = 0; path = InstagramUITests.xctest; sourceTree = BUILT_PRODUCTS_DIR; };
		0ADE9D261F0308E9005A0027 /* InstagramUITests.swift */ = {isa = PBXFileReference; lastKnownFileType = sourcecode.swift; path = InstagramUITests.swift; sourceTree = "<group>"; };
		0ADE9D281F0308E9005A0027 /* Info.plist */ = {isa = PBXFileReference; lastKnownFileType = text.plist.xml; path = Info.plist; sourceTree = "<group>"; };
		10D9B7B8275FC981F471526E /* Pods-InstagramTests.debug.xcconfig */ = {isa = PBXFileReference; includeInIndex = 1; lastKnownFileType = text.xcconfig; name = "Pods-InstagramTests.debug.xcconfig"; path = "Pods/Target Support Files/Pods-InstagramTests/Pods-InstagramTests.debug.xcconfig"; sourceTree = "<group>"; };
		64A300A302E4058D70F2E2DF /* Pods_InstagramTests.framework */ = {isa = PBXFileReference; explicitFileType = wrapper.framework; includeInIndex = 0; path = Pods_InstagramTests.framework; sourceTree = BUILT_PRODUCTS_DIR; };
		68182D9D401D006CF7098EFB /* Pods-InstagramUITests.debug.xcconfig */ = {isa = PBXFileReference; includeInIndex = 1; lastKnownFileType = text.xcconfig; name = "Pods-InstagramUITests.debug.xcconfig"; path = "Pods/Target Support Files/Pods-InstagramUITests/Pods-InstagramUITests.debug.xcconfig"; sourceTree = "<group>"; };
		B18A8C9AF12EE85C20B7B7E7 /* Pods_Instagram.framework */ = {isa = PBXFileReference; explicitFileType = wrapper.framework; includeInIndex = 0; path = Pods_Instagram.framework; sourceTree = BUILT_PRODUCTS_DIR; };
		DD1CDC5C6FDDA3BCA1C00B0B /* Pods-InstagramUITests.release.xcconfig */ = {isa = PBXFileReference; includeInIndex = 1; lastKnownFileType = text.xcconfig; name = "Pods-InstagramUITests.release.xcconfig"; path = "Pods/Target Support Files/Pods-InstagramUITests/Pods-InstagramUITests.release.xcconfig"; sourceTree = "<group>"; };
		E9471BBCE66CE2EC5721B252 /* Pods-Instagram.release.xcconfig */ = {isa = PBXFileReference; includeInIndex = 1; lastKnownFileType = text.xcconfig; name = "Pods-Instagram.release.xcconfig"; path = "Pods/Target Support Files/Pods-Instagram/Pods-Instagram.release.xcconfig"; sourceTree = "<group>"; };
		EF0B38EED0C8A0E64359EA33 /* Pods-InstagramTests.release.xcconfig */ = {isa = PBXFileReference; includeInIndex = 1; lastKnownFileType = text.xcconfig; name = "Pods-InstagramTests.release.xcconfig"; path = "Pods/Target Support Files/Pods-InstagramTests/Pods-InstagramTests.release.xcconfig"; sourceTree = "<group>"; };
/* End PBXFileReference section */

/* Begin PBXFrameworksBuildPhase section */
		0ADE9D001F0308E9005A0027 /* Frameworks */ = {
			isa = PBXFrameworksBuildPhase;
			buildActionMask = 2147483647;
			files = (
				AB2D963500A4D3A1C4A69DEE /* Pods_Instagram.framework in Frameworks */,
			);
			runOnlyForDeploymentPostprocessing = 0;
		};
		0ADE9D141F0308E9005A0027 /* Frameworks */ = {
			isa = PBXFrameworksBuildPhase;
			buildActionMask = 2147483647;
			files = (
				AD39813242081423A98555D6 /* Pods_InstagramTests.framework in Frameworks */,
			);
			runOnlyForDeploymentPostprocessing = 0;
		};
		0ADE9D1F1F0308E9005A0027 /* Frameworks */ = {
			isa = PBXFrameworksBuildPhase;
			buildActionMask = 2147483647;
			files = (
				03E46B46157B46444D0A6909 /* Pods_InstagramUITests.framework in Frameworks */,
			);
			runOnlyForDeploymentPostprocessing = 0;
		};
/* End PBXFrameworksBuildPhase section */

/* Begin PBXGroup section */
		0A23E9B31F031E380037D946 /* View Controllers */ = {
			isa = PBXGroup;
			children = (
				0ADE9D081F0308E9005A0027 /* LoginViewController.swift */,
				0A23E9B11F031E280037D946 /* SignUpViewController.swift */,
				0A23E9B81F0332820037D946 /* HomeViewController.swift */,
				0A23E9BA1F0370640037D946 /* SearchViewController.swift */,
				0A23E9BC1F0370720037D946 /* NewPostViewController.swift */,
				0A23E9BE1F0370950037D946 /* InteractionsViewController.swift */,
				0A23E9C01F0370A10037D946 /* ProfileViewController.swift */,
				0A9F869F1F0597C3006A5238 /* DetailViewController.swift */,
			);
			name = "View Controllers";
			sourceTree = "<group>";
		};
		0ADE9CFA1F0308E9005A0027 = {
			isa = PBXGroup;
			children = (
				0ADE9D051F0308E9005A0027 /* Instagram */,
				0ADE9D1A1F0308E9005A0027 /* InstagramTests */,
				0ADE9D251F0308E9005A0027 /* InstagramUITests */,
				0ADE9D041F0308E9005A0027 /* Products */,
				8CC5E5338BB2424337BE7FDD /* Pods */,
				346ED8033FEF4D1F569225D2 /* Frameworks */,
			);
			sourceTree = "<group>";
		};
		0ADE9D041F0308E9005A0027 /* Products */ = {
			isa = PBXGroup;
			children = (
				0ADE9D031F0308E9005A0027 /* Instagram.app */,
				0ADE9D171F0308E9005A0027 /* InstagramTests.xctest */,
				0ADE9D221F0308E9005A0027 /* InstagramUITests.xctest */,
			);
			name = Products;
			sourceTree = "<group>";
		};
		0ADE9D051F0308E9005A0027 /* Instagram */ = {
			isa = PBXGroup;
			children = (
				0A23E9B31F031E380037D946 /* View Controllers */,
				0ADE9D061F0308E9005A0027 /* AppDelegate.swift */,
				0A0919B81F04119900696510 /* Post.swift */,
				0A55B1781F04318900D8F0C9 /* InstagramPostTableViewCell.swift */,
				0ADE9D0A1F0308E9005A0027 /* Main.storyboard */,
				0ADE9D0F1F0308E9005A0027 /* LaunchScreen.storyboard */,
				0ADE9D121F0308E9005A0027 /* Info.plist */,
				0A8FCC511F04CDEF000D015A /* Assets.xcassets */,
			);
			path = Instagram;
			sourceTree = "<group>";
		};
		0ADE9D1A1F0308E9005A0027 /* InstagramTests */ = {
			isa = PBXGroup;
			children = (
				0ADE9D1B1F0308E9005A0027 /* InstagramTests.swift */,
				0ADE9D1D1F0308E9005A0027 /* Info.plist */,
			);
			path = InstagramTests;
			sourceTree = "<group>";
		};
		0ADE9D251F0308E9005A0027 /* InstagramUITests */ = {
			isa = PBXGroup;
			children = (
				0ADE9D261F0308E9005A0027 /* InstagramUITests.swift */,
				0ADE9D281F0308E9005A0027 /* Info.plist */,
			);
			path = InstagramUITests;
			sourceTree = "<group>";
		};
		346ED8033FEF4D1F569225D2 /* Frameworks */ = {
			isa = PBXGroup;
			children = (
				B18A8C9AF12EE85C20B7B7E7 /* Pods_Instagram.framework */,
				64A300A302E4058D70F2E2DF /* Pods_InstagramTests.framework */,
				0AB60428B007E3F886EBE60D /* Pods_InstagramUITests.framework */,
			);
			name = Frameworks;
			sourceTree = "<group>";
		};
		8CC5E5338BB2424337BE7FDD /* Pods */ = {
			isa = PBXGroup;
			children = (
				0A052A1E71BEF7829F95D865 /* Pods-Instagram.debug.xcconfig */,
				E9471BBCE66CE2EC5721B252 /* Pods-Instagram.release.xcconfig */,
				10D9B7B8275FC981F471526E /* Pods-InstagramTests.debug.xcconfig */,
				EF0B38EED0C8A0E64359EA33 /* Pods-InstagramTests.release.xcconfig */,
				68182D9D401D006CF7098EFB /* Pods-InstagramUITests.debug.xcconfig */,
				DD1CDC5C6FDDA3BCA1C00B0B /* Pods-InstagramUITests.release.xcconfig */,
			);
			name = Pods;
			sourceTree = "<group>";
		};
/* End PBXGroup section */

/* Begin PBXNativeTarget section */
		0ADE9D021F0308E9005A0027 /* Instagram */ = {
			isa = PBXNativeTarget;
			buildConfigurationList = 0ADE9D2B1F0308E9005A0027 /* Build configuration list for PBXNativeTarget "Instagram" */;
			buildPhases = (
				17C1C3C6E8E0066699A52FD1 /* [CP] Check Pods Manifest.lock */,
				0ADE9CFF1F0308E9005A0027 /* Sources */,
				0ADE9D001F0308E9005A0027 /* Frameworks */,
				0ADE9D011F0308E9005A0027 /* Resources */,
				38E57A9CBD270299051CD865 /* [CP] Embed Pods Frameworks */,
				BFD2E5D660460A56C012E8BF /* [CP] Copy Pods Resources */,
			);
			buildRules = (
			);
			dependencies = (
			);
			name = Instagram;
			productName = Instagram;
			productReference = 0ADE9D031F0308E9005A0027 /* Instagram.app */;
			productType = "com.apple.product-type.application";
		};
		0ADE9D161F0308E9005A0027 /* InstagramTests */ = {
			isa = PBXNativeTarget;
			buildConfigurationList = 0ADE9D2E1F0308E9005A0027 /* Build configuration list for PBXNativeTarget "InstagramTests" */;
			buildPhases = (
				100F03D5827DF061FF098781 /* [CP] Check Pods Manifest.lock */,
				0ADE9D131F0308E9005A0027 /* Sources */,
				0ADE9D141F0308E9005A0027 /* Frameworks */,
				0ADE9D151F0308E9005A0027 /* Resources */,
				4ADC73E5BCD2F30257ECE8BD /* [CP] Embed Pods Frameworks */,
				0919564C34F7DD65CEFAE787 /* [CP] Copy Pods Resources */,
			);
			buildRules = (
			);
			dependencies = (
				0ADE9D191F0308E9005A0027 /* PBXTargetDependency */,
			);
			name = InstagramTests;
			productName = InstagramTests;
			productReference = 0ADE9D171F0308E9005A0027 /* InstagramTests.xctest */;
			productType = "com.apple.product-type.bundle.unit-test";
		};
		0ADE9D211F0308E9005A0027 /* InstagramUITests */ = {
			isa = PBXNativeTarget;
			buildConfigurationList = 0ADE9D311F0308E9005A0027 /* Build configuration list for PBXNativeTarget "InstagramUITests" */;
			buildPhases = (
				5EEE137FB512EBD8E41E02F3 /* [CP] Check Pods Manifest.lock */,
				0ADE9D1E1F0308E9005A0027 /* Sources */,
				0ADE9D1F1F0308E9005A0027 /* Frameworks */,
				0ADE9D201F0308E9005A0027 /* Resources */,
				27E13C45D301FEB3C979B51A /* [CP] Embed Pods Frameworks */,
				8A697AA6BE94F8B537F5542E /* [CP] Copy Pods Resources */,
			);
			buildRules = (
			);
			dependencies = (
				0ADE9D241F0308E9005A0027 /* PBXTargetDependency */,
			);
			name = InstagramUITests;
			productName = InstagramUITests;
			productReference = 0ADE9D221F0308E9005A0027 /* InstagramUITests.xctest */;
			productType = "com.apple.product-type.bundle.ui-testing";
		};
/* End PBXNativeTarget section */

/* Begin PBXProject section */
		0ADE9CFB1F0308E9005A0027 /* Project object */ = {
			isa = PBXProject;
			attributes = {
				LastSwiftUpdateCheck = 0830;
				LastUpgradeCheck = 0830;
				ORGANIZATIONNAME = "Xiuya Yao";
				TargetAttributes = {
					0ADE9D021F0308E9005A0027 = {
						CreatedOnToolsVersion = 8.3.2;
						DevelopmentTeam = LZJYLDRCS5;
						ProvisioningStyle = Automatic;
					};
					0ADE9D161F0308E9005A0027 = {
						CreatedOnToolsVersion = 8.3.2;
						ProvisioningStyle = Automatic;
						TestTargetID = 0ADE9D021F0308E9005A0027;
					};
					0ADE9D211F0308E9005A0027 = {
						CreatedOnToolsVersion = 8.3.2;
						ProvisioningStyle = Automatic;
						TestTargetID = 0ADE9D021F0308E9005A0027;
					};
				};
			};
			buildConfigurationList = 0ADE9CFE1F0308E9005A0027 /* Build configuration list for PBXProject "Instagram" */;
			compatibilityVersion = "Xcode 3.2";
			developmentRegion = English;
			hasScannedForEncodings = 0;
			knownRegions = (
				en,
				Base,
			);
			mainGroup = 0ADE9CFA1F0308E9005A0027;
			productRefGroup = 0ADE9D041F0308E9005A0027 /* Products */;
			projectDirPath = "";
			projectRoot = "";
			targets = (
				0ADE9D021F0308E9005A0027 /* Instagram */,
				0ADE9D161F0308E9005A0027 /* InstagramTests */,
				0ADE9D211F0308E9005A0027 /* InstagramUITests */,
			);
		};
/* End PBXProject section */

/* Begin PBXResourcesBuildPhase section */
		0ADE9D011F0308E9005A0027 /* Resources */ = {
			isa = PBXResourcesBuildPhase;
			buildActionMask = 2147483647;
			files = (
				0ADE9D111F0308E9005A0027 /* LaunchScreen.storyboard in Resources */,
				0A8FCC521F04CDEF000D015A /* Assets.xcassets in Resources */,
				0ADE9D0C1F0308E9005A0027 /* Main.storyboard in Resources */,
			);
			runOnlyForDeploymentPostprocessing = 0;
		};
		0ADE9D151F0308E9005A0027 /* Resources */ = {
			isa = PBXResourcesBuildPhase;
			buildActionMask = 2147483647;
			files = (
			);
			runOnlyForDeploymentPostprocessing = 0;
		};
		0ADE9D201F0308E9005A0027 /* Resources */ = {
			isa = PBXResourcesBuildPhase;
			buildActionMask = 2147483647;
			files = (
			);
			runOnlyForDeploymentPostprocessing = 0;
		};
/* End PBXResourcesBuildPhase section */

/* Begin PBXShellScriptBuildPhase section */
		0919564C34F7DD65CEFAE787 /* [CP] Copy Pods Resources */ = {
			isa = PBXShellScriptBuildPhase;
			buildActionMask = 2147483647;
			files = (
			);
			inputPaths = (
			);
			name = "[CP] Copy Pods Resources";
			outputPaths = (
			);
			runOnlyForDeploymentPostprocessing = 0;
			shellPath = /bin/sh;
			shellScript = "\"${SRCROOT}/Pods/Target Support Files/Pods-InstagramTests/Pods-InstagramTests-resources.sh\"\n";
			showEnvVarsInLog = 0;
		};
		100F03D5827DF061FF098781 /* [CP] Check Pods Manifest.lock */ = {
			isa = PBXShellScriptBuildPhase;
			buildActionMask = 2147483647;
			files = (
			);
			inputPaths = (
			);
			name = "[CP] Check Pods Manifest.lock";
			outputPaths = (
			);
			runOnlyForDeploymentPostprocessing = 0;
			shellPath = /bin/sh;
			shellScript = "diff \"${PODS_PODFILE_DIR_PATH}/Podfile.lock\" \"${PODS_ROOT}/Manifest.lock\" > /dev/null\nif [ $? != 0 ] ; then\n    # print error to STDERR\n    echo \"error: The sandbox is not in sync with the Podfile.lock. Run 'pod install' or update your CocoaPods installation.\" >&2\n    exit 1\nfi\n";
			showEnvVarsInLog = 0;
		};
		17C1C3C6E8E0066699A52FD1 /* [CP] Check Pods Manifest.lock */ = {
			isa = PBXShellScriptBuildPhase;
			buildActionMask = 2147483647;
			files = (
			);
			inputPaths = (
			);
			name = "[CP] Check Pods Manifest.lock";
			outputPaths = (
			);
			runOnlyForDeploymentPostprocessing = 0;
			shellPath = /bin/sh;
			shellScript = "diff \"${PODS_PODFILE_DIR_PATH}/Podfile.lock\" \"${PODS_ROOT}/Manifest.lock\" > /dev/null\nif [ $? != 0 ] ; then\n    # print error to STDERR\n    echo \"error: The sandbox is not in sync with the Podfile.lock. Run 'pod install' or update your CocoaPods installation.\" >&2\n    exit 1\nfi\n";
			showEnvVarsInLog = 0;
		};
		27E13C45D301FEB3C979B51A /* [CP] Embed Pods Frameworks */ = {
			isa = PBXShellScriptBuildPhase;
			buildActionMask = 2147483647;
			files = (
			);
			inputPaths = (
			);
			name = "[CP] Embed Pods Frameworks";
			outputPaths = (
			);
			runOnlyForDeploymentPostprocessing = 0;
			shellPath = /bin/sh;
			shellScript = "\"${SRCROOT}/Pods/Target Support Files/Pods-InstagramUITests/Pods-InstagramUITests-frameworks.sh\"\n";
			showEnvVarsInLog = 0;
		};
		38E57A9CBD270299051CD865 /* [CP] Embed Pods Frameworks */ = {
			isa = PBXShellScriptBuildPhase;
			buildActionMask = 2147483647;
			files = (
			);
			inputPaths = (
			);
			name = "[CP] Embed Pods Frameworks";
			outputPaths = (
			);
			runOnlyForDeploymentPostprocessing = 0;
			shellPath = /bin/sh;
			shellScript = "\"${SRCROOT}/Pods/Target Support Files/Pods-Instagram/Pods-Instagram-frameworks.sh\"\n";
			showEnvVarsInLog = 0;
		};
		4ADC73E5BCD2F30257ECE8BD /* [CP] Embed Pods Frameworks */ = {
			isa = PBXShellScriptBuildPhase;
			buildActionMask = 2147483647;
			files = (
			);
			inputPaths = (
			);
			name = "[CP] Embed Pods Frameworks";
			outputPaths = (
			);
			runOnlyForDeploymentPostprocessing = 0;
			shellPath = /bin/sh;
			shellScript = "\"${SRCROOT}/Pods/Target Support Files/Pods-InstagramTests/Pods-InstagramTests-frameworks.sh\"\n";
			showEnvVarsInLog = 0;
		};
		5EEE137FB512EBD8E41E02F3 /* [CP] Check Pods Manifest.lock */ = {
			isa = PBXShellScriptBuildPhase;
			buildActionMask = 2147483647;
			files = (
			);
			inputPaths = (
			);
			name = "[CP] Check Pods Manifest.lock";
			outputPaths = (
			);
			runOnlyForDeploymentPostprocessing = 0;
			shellPath = /bin/sh;
			shellScript = "diff \"${PODS_PODFILE_DIR_PATH}/Podfile.lock\" \"${PODS_ROOT}/Manifest.lock\" > /dev/null\nif [ $? != 0 ] ; then\n    # print error to STDERR\n    echo \"error: The sandbox is not in sync with the Podfile.lock. Run 'pod install' or update your CocoaPods installation.\" >&2\n    exit 1\nfi\n";
			showEnvVarsInLog = 0;
		};
		8A697AA6BE94F8B537F5542E /* [CP] Copy Pods Resources */ = {
			isa = PBXShellScriptBuildPhase;
			buildActionMask = 2147483647;
			files = (
			);
			inputPaths = (
			);
			name = "[CP] Copy Pods Resources";
			outputPaths = (
			);
			runOnlyForDeploymentPostprocessing = 0;
			shellPath = /bin/sh;
			shellScript = "\"${SRCROOT}/Pods/Target Support Files/Pods-InstagramUITests/Pods-InstagramUITests-resources.sh\"\n";
			showEnvVarsInLog = 0;
		};
		BFD2E5D660460A56C012E8BF /* [CP] Copy Pods Resources */ = {
			isa = PBXShellScriptBuildPhase;
			buildActionMask = 2147483647;
			files = (
			);
			inputPaths = (
			);
			name = "[CP] Copy Pods Resources";
			outputPaths = (
			);
			runOnlyForDeploymentPostprocessing = 0;
			shellPath = /bin/sh;
			shellScript = "\"${SRCROOT}/Pods/Target Support Files/Pods-Instagram/Pods-Instagram-resources.sh\"\n";
			showEnvVarsInLog = 0;
		};
/* End PBXShellScriptBuildPhase section */

/* Begin PBXSourcesBuildPhase section */
		0ADE9CFF1F0308E9005A0027 /* Sources */ = {
			isa = PBXSourcesBuildPhase;
			buildActionMask = 2147483647;
			files = (
				0A9F86A01F0597C3006A5238 /* DetailViewController.swift in Sources */,
				0A55B1791F04318900D8F0C9 /* InstagramPostTableViewCell.swift in Sources */,
				0A23E9BB1F0370640037D946 /* SearchViewController.swift in Sources */,
				0A23E9BF1F0370950037D946 /* InteractionsViewController.swift in Sources */,
				0A23E9B21F031E280037D946 /* SignUpViewController.swift in Sources */,
				0ADE9D091F0308E9005A0027 /* LoginViewController.swift in Sources */,
				0ADE9D071F0308E9005A0027 /* AppDelegate.swift in Sources */,
				0A23E9B91F0332820037D946 /* HomeViewController.swift in Sources */,
				0A0919B91F04119900696510 /* Post.swift in Sources */,
				0A23E9C11F0370A10037D946 /* ProfileViewController.swift in Sources */,
				0A23E9BD1F0370720037D946 /* NewPostViewController.swift in Sources */,
			);
			runOnlyForDeploymentPostprocessing = 0;
		};
		0ADE9D131F0308E9005A0027 /* Sources */ = {
			isa = PBXSourcesBuildPhase;
			buildActionMask = 2147483647;
			files = (
				0ADE9D1C1F0308E9005A0027 /* InstagramTests.swift in Sources */,
			);
			runOnlyForDeploymentPostprocessing = 0;
		};
		0ADE9D1E1F0308E9005A0027 /* Sources */ = {
			isa = PBXSourcesBuildPhase;
			buildActionMask = 2147483647;
			files = (
				0ADE9D271F0308E9005A0027 /* InstagramUITests.swift in Sources */,
			);
			runOnlyForDeploymentPostprocessing = 0;
		};
/* End PBXSourcesBuildPhase section */

/* Begin PBXTargetDependency section */
		0ADE9D191F0308E9005A0027 /* PBXTargetDependency */ = {
			isa = PBXTargetDependency;
			target = 0ADE9D021F0308E9005A0027 /* Instagram */;
			targetProxy = 0ADE9D181F0308E9005A0027 /* PBXContainerItemProxy */;
		};
		0ADE9D241F0308E9005A0027 /* PBXTargetDependency */ = {
			isa = PBXTargetDependency;
			target = 0ADE9D021F0308E9005A0027 /* Instagram */;
			targetProxy = 0ADE9D231F0308E9005A0027 /* PBXContainerItemProxy */;
		};
/* End PBXTargetDependency section */

/* Begin PBXVariantGroup section */
		0ADE9D0A1F0308E9005A0027 /* Main.storyboard */ = {
			isa = PBXVariantGroup;
			children = (
				0ADE9D0B1F0308E9005A0027 /* Base */,
			);
			name = Main.storyboard;
			sourceTree = "<group>";
		};
		0ADE9D0F1F0308E9005A0027 /* LaunchScreen.storyboard */ = {
			isa = PBXVariantGroup;
			children = (
				0ADE9D101F0308E9005A0027 /* Base */,
			);
			name = LaunchScreen.storyboard;
			sourceTree = "<group>";
		};
/* End PBXVariantGroup section */

/* Begin XCBuildConfiguration section */
		0ADE9D291F0308E9005A0027 /* Debug */ = {
			isa = XCBuildConfiguration;
			buildSettings = {
				ALWAYS_SEARCH_USER_PATHS = NO;
				CLANG_ANALYZER_NONNULL = YES;
				CLANG_ANALYZER_NUMBER_OBJECT_CONVERSION = YES_AGGRESSIVE;
				CLANG_CXX_LANGUAGE_STANDARD = "gnu++0x";
				CLANG_CXX_LIBRARY = "libc++";
				CLANG_ENABLE_MODULES = YES;
				CLANG_ENABLE_OBJC_ARC = YES;
				CLANG_WARN_BOOL_CONVERSION = YES;
				CLANG_WARN_CONSTANT_CONVERSION = YES;
				CLANG_WARN_DIRECT_OBJC_ISA_USAGE = YES_ERROR;
				CLANG_WARN_DOCUMENTATION_COMMENTS = YES;
				CLANG_WARN_EMPTY_BODY = YES;
				CLANG_WARN_ENUM_CONVERSION = YES;
				CLANG_WARN_INFINITE_RECURSION = YES;
				CLANG_WARN_INT_CONVERSION = YES;
				CLANG_WARN_OBJC_ROOT_CLASS = YES_ERROR;
				CLANG_WARN_SUSPICIOUS_MOVE = YES;
				CLANG_WARN_UNREACHABLE_CODE = YES;
				CLANG_WARN__DUPLICATE_METHOD_MATCH = YES;
				"CODE_SIGN_IDENTITY[sdk=iphoneos*]" = "iPhone Developer";
				COPY_PHASE_STRIP = NO;
				DEBUG_INFORMATION_FORMAT = dwarf;
				ENABLE_STRICT_OBJC_MSGSEND = YES;
				ENABLE_TESTABILITY = YES;
				GCC_C_LANGUAGE_STANDARD = gnu99;
				GCC_DYNAMIC_NO_PIC = NO;
				GCC_NO_COMMON_BLOCKS = YES;
				GCC_OPTIMIZATION_LEVEL = 0;
				GCC_PREPROCESSOR_DEFINITIONS = (
					"DEBUG=1",
					"$(inherited)",
				);
				GCC_WARN_64_TO_32_BIT_CONVERSION = YES;
				GCC_WARN_ABOUT_RETURN_TYPE = YES_ERROR;
				GCC_WARN_UNDECLARED_SELECTOR = YES;
				GCC_WARN_UNINITIALIZED_AUTOS = YES_AGGRESSIVE;
				GCC_WARN_UNUSED_FUNCTION = YES;
				GCC_WARN_UNUSED_VARIABLE = YES;
				IPHONEOS_DEPLOYMENT_TARGET = 10.3;
				MTL_ENABLE_DEBUG_INFO = YES;
				ONLY_ACTIVE_ARCH = YES;
				SDKROOT = iphoneos;
				SWIFT_ACTIVE_COMPILATION_CONDITIONS = DEBUG;
				SWIFT_OPTIMIZATION_LEVEL = "-Onone";
			};
			name = Debug;
		};
		0ADE9D2A1F0308E9005A0027 /* Release */ = {
			isa = XCBuildConfiguration;
			buildSettings = {
				ALWAYS_SEARCH_USER_PATHS = NO;
				CLANG_ANALYZER_NONNULL = YES;
				CLANG_ANALYZER_NUMBER_OBJECT_CONVERSION = YES_AGGRESSIVE;
				CLANG_CXX_LANGUAGE_STANDARD = "gnu++0x";
				CLANG_CXX_LIBRARY = "libc++";
				CLANG_ENABLE_MODULES = YES;
				CLANG_ENABLE_OBJC_ARC = YES;
				CLANG_WARN_BOOL_CONVERSION = YES;
				CLANG_WARN_CONSTANT_CONVERSION = YES;
				CLANG_WARN_DIRECT_OBJC_ISA_USAGE = YES_ERROR;
				CLANG_WARN_DOCUMENTATION_COMMENTS = YES;
				CLANG_WARN_EMPTY_BODY = YES;
				CLANG_WARN_ENUM_CONVERSION = YES;
				CLANG_WARN_INFINITE_RECURSION = YES;
				CLANG_WARN_INT_CONVERSION = YES;
				CLANG_WARN_OBJC_ROOT_CLASS = YES_ERROR;
				CLANG_WARN_SUSPICIOUS_MOVE = YES;
				CLANG_WARN_UNREACHABLE_CODE = YES;
				CLANG_WARN__DUPLICATE_METHOD_MATCH = YES;
				"CODE_SIGN_IDENTITY[sdk=iphoneos*]" = "iPhone Developer";
				COPY_PHASE_STRIP = NO;
				DEBUG_INFORMATION_FORMAT = "dwarf-with-dsym";
				ENABLE_NS_ASSERTIONS = NO;
				ENABLE_STRICT_OBJC_MSGSEND = YES;
				GCC_C_LANGUAGE_STANDARD = gnu99;
				GCC_NO_COMMON_BLOCKS = YES;
				GCC_WARN_64_TO_32_BIT_CONVERSION = YES;
				GCC_WARN_ABOUT_RETURN_TYPE = YES_ERROR;
				GCC_WARN_UNDECLARED_SELECTOR = YES;
				GCC_WARN_UNINITIALIZED_AUTOS = YES_AGGRESSIVE;
				GCC_WARN_UNUSED_FUNCTION = YES;
				GCC_WARN_UNUSED_VARIABLE = YES;
				IPHONEOS_DEPLOYMENT_TARGET = 10.3;
				MTL_ENABLE_DEBUG_INFO = NO;
				SDKROOT = iphoneos;
				SWIFT_OPTIMIZATION_LEVEL = "-Owholemodule";
				VALIDATE_PRODUCT = YES;
			};
			name = Release;
		};
		0ADE9D2C1F0308E9005A0027 /* Debug */ = {
			isa = XCBuildConfiguration;
			baseConfigurationReference = 0A052A1E71BEF7829F95D865 /* Pods-Instagram.debug.xcconfig */;
			buildSettings = {
				ASSETCATALOG_COMPILER_APPICON_NAME = AppIcon;
				DEVELOPMENT_TEAM = LZJYLDRCS5;
				INFOPLIST_FILE = Instagram/Info.plist;
				LD_RUNPATH_SEARCH_PATHS = "$(inherited) @executable_path/Frameworks";
				PRODUCT_BUNDLE_IDENTIFIER = com.XiuyaYao.Instagram;
				PRODUCT_NAME = "$(TARGET_NAME)";
				SWIFT_VERSION = 3.0;
			};
			name = Debug;
		};
		0ADE9D2D1F0308E9005A0027 /* Release */ = {
			isa = XCBuildConfiguration;
			baseConfigurationReference = E9471BBCE66CE2EC5721B252 /* Pods-Instagram.release.xcconfig */;
			buildSettings = {
				ASSETCATALOG_COMPILER_APPICON_NAME = AppIcon;
				DEVELOPMENT_TEAM = LZJYLDRCS5;
				INFOPLIST_FILE = Instagram/Info.plist;
				LD_RUNPATH_SEARCH_PATHS = "$(inherited) @executable_path/Frameworks";
				PRODUCT_BUNDLE_IDENTIFIER = com.XiuyaYao.Instagram;
				PRODUCT_NAME = "$(TARGET_NAME)";
				SWIFT_VERSION = 3.0;
			};
			name = Release;
		};
		0ADE9D2F1F0308E9005A0027 /* Debug */ = {
			isa = XCBuildConfiguration;
			baseConfigurationReference = 10D9B7B8275FC981F471526E /* Pods-InstagramTests.debug.xcconfig */;
			buildSettings = {
				ALWAYS_EMBED_SWIFT_STANDARD_LIBRARIES = YES;
				BUNDLE_LOADER = "$(TEST_HOST)";
				INFOPLIST_FILE = InstagramTests/Info.plist;
				LD_RUNPATH_SEARCH_PATHS = "$(inherited) @executable_path/Frameworks @loader_path/Frameworks";
				PRODUCT_BUNDLE_IDENTIFIER = com.XiuyaYao.InstagramTests;
				PRODUCT_NAME = "$(TARGET_NAME)";
				SWIFT_VERSION = 3.0;
				TEST_HOST = "$(BUILT_PRODUCTS_DIR)/Instagram.app/Instagram";
			};
			name = Debug;
		};
		0ADE9D301F0308E9005A0027 /* Release */ = {
			isa = XCBuildConfiguration;
			baseConfigurationReference = EF0B38EED0C8A0E64359EA33 /* Pods-InstagramTests.release.xcconfig */;
			buildSettings = {
				ALWAYS_EMBED_SWIFT_STANDARD_LIBRARIES = YES;
				BUNDLE_LOADER = "$(TEST_HOST)";
				INFOPLIST_FILE = InstagramTests/Info.plist;
				LD_RUNPATH_SEARCH_PATHS = "$(inherited) @executable_path/Frameworks @loader_path/Frameworks";
				PRODUCT_BUNDLE_IDENTIFIER = com.XiuyaYao.InstagramTests;
				PRODUCT_NAME = "$(TARGET_NAME)";
				SWIFT_VERSION = 3.0;
				TEST_HOST = "$(BUILT_PRODUCTS_DIR)/Instagram.app/Instagram";
			};
			name = Release;
		};
		0ADE9D321F0308E9005A0027 /* Debug */ = {
			isa = XCBuildConfiguration;
			baseConfigurationReference = 68182D9D401D006CF7098EFB /* Pods-InstagramUITests.debug.xcconfig */;
			buildSettings = {
				ALWAYS_EMBED_SWIFT_STANDARD_LIBRARIES = YES;
				INFOPLIST_FILE = InstagramUITests/Info.plist;
				LD_RUNPATH_SEARCH_PATHS = "$(inherited) @executable_path/Frameworks @loader_path/Frameworks";
				PRODUCT_BUNDLE_IDENTIFIER = com.XiuyaYao.InstagramUITests;
				PRODUCT_NAME = "$(TARGET_NAME)";
				SWIFT_VERSION = 3.0;
				TEST_TARGET_NAME = Instagram;
			};
			name = Debug;
		};
		0ADE9D331F0308E9005A0027 /* Release */ = {
			isa = XCBuildConfiguration;
			baseConfigurationReference = DD1CDC5C6FDDA3BCA1C00B0B /* Pods-InstagramUITests.release.xcconfig */;
			buildSettings = {
				ALWAYS_EMBED_SWIFT_STANDARD_LIBRARIES = YES;
				INFOPLIST_FILE = InstagramUITests/Info.plist;
				LD_RUNPATH_SEARCH_PATHS = "$(inherited) @executable_path/Frameworks @loader_path/Frameworks";
				PRODUCT_BUNDLE_IDENTIFIER = com.XiuyaYao.InstagramUITests;
				PRODUCT_NAME = "$(TARGET_NAME)";
				SWIFT_VERSION = 3.0;
				TEST_TARGET_NAME = Instagram;
			};
			name = Release;
		};
/* End XCBuildConfiguration section */

/* Begin XCConfigurationList section */
		0ADE9CFE1F0308E9005A0027 /* Build configuration list for PBXProject "Instagram" */ = {
			isa = XCConfigurationList;
			buildConfigurations = (
				0ADE9D291F0308E9005A0027 /* Debug */,
				0ADE9D2A1F0308E9005A0027 /* Release */,
			);
			defaultConfigurationIsVisible = 0;
			defaultConfigurationName = Release;
		};
		0ADE9D2B1F0308E9005A0027 /* Build configuration list for PBXNativeTarget "Instagram" */ = {
			isa = XCConfigurationList;
			buildConfigurations = (
				0ADE9D2C1F0308E9005A0027 /* Debug */,
				0ADE9D2D1F0308E9005A0027 /* Release */,
			);
			defaultConfigurationIsVisible = 0;
			defaultConfigurationName = Release;
		};
		0ADE9D2E1F0308E9005A0027 /* Build configuration list for PBXNativeTarget "InstagramTests" */ = {
			isa = XCConfigurationList;
			buildConfigurations = (
				0ADE9D2F1F0308E9005A0027 /* Debug */,
				0ADE9D301F0308E9005A0027 /* Release */,
			);
			defaultConfigurationIsVisible = 0;
			defaultConfigurationName = Release;
		};
		0ADE9D311F0308E9005A0027 /* Build configuration list for PBXNativeTarget "InstagramUITests" */ = {
			isa = XCConfigurationList;
			buildConfigurations = (
				0ADE9D321F0308E9005A0027 /* Debug */,
				0ADE9D331F0308E9005A0027 /* Release */,
			);
			defaultConfigurationIsVisible = 0;
			defaultConfigurationName = Release;
		};
/* End XCConfigurationList section */
	};
	rootObject = 0ADE9CFB1F0308E9005A0027 /* Project object */;
}
